// !$*UTF8*$!
{
	archiveVersion = 1;
	classes = {
	};
	objectVersion = 46;
	objects = {

/* Begin PBXBuildFile section */
		963086E71A52CFD700FFBBEA /* ArtworkCollectionViewCell.swift in Sources */ = {isa = PBXBuildFile; fileRef = 963086E61A52CFD700FFBBEA /* ArtworkCollectionViewCell.swift */; };
		963086E91A52D26600FFBBEA /* CollectionViewController.swift in Sources */ = {isa = PBXBuildFile; fileRef = 963086E81A52D26600FFBBEA /* CollectionViewController.swift */; };
		96C6BB3F1A5F7C6500CB9090 /* Artwork.swift in Sources */ = {isa = PBXBuildFile; fileRef = 96C6BB3E1A5F7C6500CB9090 /* Artwork.swift */; };
		96C6BB411A5FB2BE00CB9090 /* CHTCollectionViewWaterfallLayout.swift in Sources */ = {isa = PBXBuildFile; fileRef = 96C6BB401A5FB2BE00CB9090 /* CHTCollectionViewWaterfallLayout.swift */; };
		96C6BB431A61082600CB9090 /* DetailViewController.swift in Sources */ = {isa = PBXBuildFile; fileRef = 96C6BB421A61082600CB9090 /* DetailViewController.swift */; };
		96C6BB451A610E6B00CB9090 /* DetailTableViewCell.swift in Sources */ = {isa = PBXBuildFile; fileRef = 96C6BB441A610E6B00CB9090 /* DetailTableViewCell.swift */; };
		96F73FC31A4C2BEA00025807 /* AppDelegate.swift in Sources */ = {isa = PBXBuildFile; fileRef = 96F73FC21A4C2BEA00025807 /* AppDelegate.swift */; };
		96F73FC81A4C2BEA00025807 /* Main.storyboard in Resources */ = {isa = PBXBuildFile; fileRef = 96F73FC61A4C2BEA00025807 /* Main.storyboard */; };
		96F73FCA1A4C2BEA00025807 /* Images.xcassets in Resources */ = {isa = PBXBuildFile; fileRef = 96F73FC91A4C2BEA00025807 /* Images.xcassets */; };
		96F73FCD1A4C2BEA00025807 /* LaunchScreen.xib in Resources */ = {isa = PBXBuildFile; fileRef = 96F73FCB1A4C2BEA00025807 /* LaunchScreen.xib */; };
		96F73FD91A4C2BEB00025807 /* artchiveTests.swift in Sources */ = {isa = PBXBuildFile; fileRef = 96F73FD81A4C2BEB00025807 /* artchiveTests.swift */; };
		96F73FE31A4C48D600025807 /* AddArtworkViewController.swift in Sources */ = {isa = PBXBuildFile; fileRef = 96F73FE21A4C48D600025807 /* AddArtworkViewController.swift */; };
		96F740171A50F33D00025807 /* artchive.xcdatamodeld in Sources */ = {isa = PBXBuildFile; fileRef = 96F740151A50F33D00025807 /* artchive.xcdatamodeld */; };
/* End PBXBuildFile section */

/* Begin PBXContainerItemProxy section */
		96F73FD31A4C2BEB00025807 /* PBXContainerItemProxy */ = {
			isa = PBXContainerItemProxy;
			containerPortal = 96F73FB51A4C2BEA00025807 /* Project object */;
			proxyType = 1;
			remoteGlobalIDString = 96F73FBC1A4C2BEA00025807;
			remoteInfo = artchive;
		};
/* End PBXContainerItemProxy section */

/* Begin PBXFileReference section */
		963086E61A52CFD700FFBBEA /* ArtworkCollectionViewCell.swift */ = {isa = PBXFileReference; fileEncoding = 4; lastKnownFileType = sourcecode.swift; path = ArtworkCollectionViewCell.swift; sourceTree = "<group>"; };
		963086E81A52D26600FFBBEA /* CollectionViewController.swift */ = {isa = PBXFileReference; fileEncoding = 4; lastKnownFileType = sourcecode.swift; path = CollectionViewController.swift; sourceTree = "<group>"; };
		96C6BB3E1A5F7C6500CB9090 /* Artwork.swift */ = {isa = PBXFileReference; fileEncoding = 4; lastKnownFileType = sourcecode.swift; path = Artwork.swift; sourceTree = "<group>"; };
		96C6BB401A5FB2BE00CB9090 /* CHTCollectionViewWaterfallLayout.swift */ = {isa = PBXFileReference; fileEncoding = 4; lastKnownFileType = sourcecode.swift; path = CHTCollectionViewWaterfallLayout.swift; sourceTree = "<group>"; };
		96C6BB421A61082600CB9090 /* DetailViewController.swift */ = {isa = PBXFileReference; fileEncoding = 4; lastKnownFileType = sourcecode.swift; path = DetailViewController.swift; sourceTree = "<group>"; };
		96C6BB441A610E6B00CB9090 /* DetailTableViewCell.swift */ = {isa = PBXFileReference; fileEncoding = 4; lastKnownFileType = sourcecode.swift; path = DetailTableViewCell.swift; sourceTree = "<group>"; };
		96F73FBD1A4C2BEA00025807 /* artchive.app */ = {isa = PBXFileReference; explicitFileType = wrapper.application; includeInIndex = 0; path = artchive.app; sourceTree = BUILT_PRODUCTS_DIR; };
		96F73FC11A4C2BEA00025807 /* Info.plist */ = {isa = PBXFileReference; lastKnownFileType = text.plist.xml; path = Info.plist; sourceTree = "<group>"; };
		96F73FC21A4C2BEA00025807 /* AppDelegate.swift */ = {isa = PBXFileReference; lastKnownFileType = sourcecode.swift; path = AppDelegate.swift; sourceTree = "<group>"; };
		96F73FC71A4C2BEA00025807 /* Base */ = {isa = PBXFileReference; lastKnownFileType = file.storyboard; name = Base; path = Base.lproj/Main.storyboard; sourceTree = "<group>"; };
		96F73FC91A4C2BEA00025807 /* Images.xcassets */ = {isa = PBXFileReference; lastKnownFileType = folder.assetcatalog; path = Images.xcassets; sourceTree = "<group>"; };
		96F73FCC1A4C2BEA00025807 /* Base */ = {isa = PBXFileReference; lastKnownFileType = file.xib; name = Base; path = Base.lproj/LaunchScreen.xib; sourceTree = "<group>"; };
		96F73FD21A4C2BEB00025807 /* artchiveTests.xctest */ = {isa = PBXFileReference; explicitFileType = wrapper.cfbundle; includeInIndex = 0; path = artchiveTests.xctest; sourceTree = BUILT_PRODUCTS_DIR; };
		96F73FD71A4C2BEB00025807 /* Info.plist */ = {isa = PBXFileReference; lastKnownFileType = text.plist.xml; path = Info.plist; sourceTree = "<group>"; };
		96F73FD81A4C2BEB00025807 /* artchiveTests.swift */ = {isa = PBXFileReference; lastKnownFileType = sourcecode.swift; path = artchiveTests.swift; sourceTree = "<group>"; };
		96F73FE21A4C48D600025807 /* AddArtworkViewController.swift */ = {isa = PBXFileReference; fileEncoding = 4; lastKnownFileType = sourcecode.swift; path = AddArtworkViewController.swift; sourceTree = "<group>"; };
		96F740161A50F33D00025807 /* artchive.xcdatamodel */ = {isa = PBXFileReference; lastKnownFileType = wrapper.xcdatamodel; path = artchive.xcdatamodel; sourceTree = "<group>"; };
/* End PBXFileReference section */

/* Begin PBXFrameworksBuildPhase section */
		96F73FBA1A4C2BEA00025807 /* Frameworks */ = {
			isa = PBXFrameworksBuildPhase;
			buildActionMask = 2147483647;
			files = (
			);
			runOnlyForDeploymentPostprocessing = 0;
		};
		96F73FCF1A4C2BEB00025807 /* Frameworks */ = {
			isa = PBXFrameworksBuildPhase;
			buildActionMask = 2147483647;
			files = (
			);
			runOnlyForDeploymentPostprocessing = 0;
		};
/* End PBXFrameworksBuildPhase section */

/* Begin PBXGroup section */
		967544B51A52CC4A0004B25D /* Models */ = {
			isa = PBXGroup;
			children = (
				96C6BB3E1A5F7C6500CB9090 /* Artwork.swift */,
			);
			name = Models;
			sourceTree = "<group>";
		};
		967544B61A52CC500004B25D /* Views */ = {
			isa = PBXGroup;
			children = (
				963086E61A52CFD700FFBBEA /* ArtworkCollectionViewCell.swift */,
				96C6BB401A5FB2BE00CB9090 /* CHTCollectionViewWaterfallLayout.swift */,
				96C6BB441A610E6B00CB9090 /* DetailTableViewCell.swift */,
			);
			name = Views;
			sourceTree = "<group>";
		};
		967544B71A52CC560004B25D /* ViewControllers */ = {
			isa = PBXGroup;
			children = (
				96F73FE21A4C48D600025807 /* AddArtworkViewController.swift */,
				963086E81A52D26600FFBBEA /* CollectionViewController.swift */,
				96C6BB421A61082600CB9090 /* DetailViewController.swift */,
			);
			name = ViewControllers;
			sourceTree = "<group>";
		};
		967544B81A52CC5D0004B25D /* Interfaces */ = {
			isa = PBXGroup;
			children = (
				96F73FC61A4C2BEA00025807 /* Main.storyboard */,
				96F73FCB1A4C2BEA00025807 /* LaunchScreen.xib */,
			);
			name = Interfaces;
			sourceTree = "<group>";
		};
		967544B91A52CC630004B25D /* AppDelegate */ = {
			isa = PBXGroup;
			children = (
				96F73FC21A4C2BEA00025807 /* AppDelegate.swift */,
			);
			name = AppDelegate;
			sourceTree = "<group>";
		};
		96F73FB41A4C2BEA00025807 = {
			isa = PBXGroup;
			children = (
				96F73FBF1A4C2BEA00025807 /* artchive */,
				96F73FD51A4C2BEB00025807 /* artchiveTests */,
				96F73FBE1A4C2BEA00025807 /* Products */,
			);
			sourceTree = "<group>";
		};
		96F73FBE1A4C2BEA00025807 /* Products */ = {
			isa = PBXGroup;
			children = (
				96F73FBD1A4C2BEA00025807 /* artchive.app */,
				96F73FD21A4C2BEB00025807 /* artchiveTests.xctest */,
			);
			name = Products;
			sourceTree = "<group>";
		};
		96F73FBF1A4C2BEA00025807 /* artchive */ = {
			isa = PBXGroup;
			children = (
				967544B91A52CC630004B25D /* AppDelegate */,
				967544B81A52CC5D0004B25D /* Interfaces */,
				967544B71A52CC560004B25D /* ViewControllers */,
				967544B61A52CC500004B25D /* Views */,
				967544B51A52CC4A0004B25D /* Models */,
				96F740151A50F33D00025807 /* artchive.xcdatamodeld */,
				96F73FC91A4C2BEA00025807 /* Images.xcassets */,
				96F73FC01A4C2BEA00025807 /* Supporting Files */,
			);
			path = artchive;
			sourceTree = "<group>";
		};
		96F73FC01A4C2BEA00025807 /* Supporting Files */ = {
			isa = PBXGroup;
			children = (
				96F73FC11A4C2BEA00025807 /* Info.plist */,
			);
			name = "Supporting Files";
			sourceTree = "<group>";
		};
		96F73FD51A4C2BEB00025807 /* artchiveTests */ = {
			isa = PBXGroup;
			children = (
				96F73FD81A4C2BEB00025807 /* artchiveTests.swift */,
				96F73FD61A4C2BEB00025807 /* Supporting Files */,
			);
			path = artchiveTests;
			sourceTree = "<group>";
		};
		96F73FD61A4C2BEB00025807 /* Supporting Files */ = {
			isa = PBXGroup;
			children = (
				96F73FD71A4C2BEB00025807 /* Info.plist */,
			);
			name = "Supporting Files";
			sourceTree = "<group>";
		};
/* End PBXGroup section */

/* Begin PBXNativeTarget section */
		96F73FBC1A4C2BEA00025807 /* artchive */ = {
			isa = PBXNativeTarget;
			buildConfigurationList = 96F73FDC1A4C2BEB00025807 /* Build configuration list for PBXNativeTarget "artchive" */;
			buildPhases = (
				96F73FB91A4C2BEA00025807 /* Sources */,
				96F73FBA1A4C2BEA00025807 /* Frameworks */,
				96F73FBB1A4C2BEA00025807 /* Resources */,
			);
			buildRules = (
			);
			dependencies = (
			);
			name = artchive;
			productName = artchive;
			productReference = 96F73FBD1A4C2BEA00025807 /* artchive.app */;
			productType = "com.apple.product-type.application";
		};
		96F73FD11A4C2BEB00025807 /* artchiveTests */ = {
			isa = PBXNativeTarget;
			buildConfigurationList = 96F73FDF1A4C2BEB00025807 /* Build configuration list for PBXNativeTarget "artchiveTests" */;
			buildPhases = (
				96F73FCE1A4C2BEB00025807 /* Sources */,
				96F73FCF1A4C2BEB00025807 /* Frameworks */,
				96F73FD01A4C2BEB00025807 /* Resources */,
			);
			buildRules = (
			);
			dependencies = (
				96F73FD41A4C2BEB00025807 /* PBXTargetDependency */,
			);
			name = artchiveTests;
			productName = artchiveTests;
			productReference = 96F73FD21A4C2BEB00025807 /* artchiveTests.xctest */;
			productType = "com.apple.product-type.bundle.unit-test";
		};
/* End PBXNativeTarget section */

/* Begin PBXProject section */
		96F73FB51A4C2BEA00025807 /* Project object */ = {
			isa = PBXProject;
			attributes = {
				LastUpgradeCheck = 0610;
				ORGANIZATIONNAME = oceanapart;
				TargetAttributes = {
					96F73FBC1A4C2BEA00025807 = {
						CreatedOnToolsVersion = 6.1.1;
						DevelopmentTeam = H277RM8F6V;
					};
					96F73FD11A4C2BEB00025807 = {
						CreatedOnToolsVersion = 6.1.1;
						TestTargetID = 96F73FBC1A4C2BEA00025807;
					};
				};
			};
			buildConfigurationList = 96F73FB81A4C2BEA00025807 /* Build configuration list for PBXProject "artchive" */;
			compatibilityVersion = "Xcode 3.2";
			developmentRegion = English;
			hasScannedForEncodings = 0;
			knownRegions = (
				en,
				Base,
			);
			mainGroup = 96F73FB41A4C2BEA00025807;
			productRefGroup = 96F73FBE1A4C2BEA00025807 /* Products */;
			projectDirPath = "";
			projectRoot = "";
			targets = (
				96F73FBC1A4C2BEA00025807 /* artchive */,
				96F73FD11A4C2BEB00025807 /* artchiveTests */,
			);
		};
/* End PBXProject section */

/* Begin PBXResourcesBuildPhase section */
		96F73FBB1A4C2BEA00025807 /* Resources */ = {
			isa = PBXResourcesBuildPhase;
			buildActionMask = 2147483647;
			files = (
				96F73FC81A4C2BEA00025807 /* Main.storyboard in Resources */,
				96F73FCD1A4C2BEA00025807 /* LaunchScreen.xib in Resources */,
				96F73FCA1A4C2BEA00025807 /* Images.xcassets in Resources */,
			);
			runOnlyForDeploymentPostprocessing = 0;
		};
		96F73FD01A4C2BEB00025807 /* Resources */ = {
			isa = PBXResourcesBuildPhase;
			buildActionMask = 2147483647;
			files = (
			);
			runOnlyForDeploymentPostprocessing = 0;
		};
/* End PBXResourcesBuildPhase section */

/* Begin PBXSourcesBuildPhase section */
		96F73FB91A4C2BEA00025807 /* Sources */ = {
			isa = PBXSourcesBuildPhase;
			buildActionMask = 2147483647;
			files = (
				96C6BB451A610E6B00CB9090 /* DetailTableViewCell.swift in Sources */,
				963086E91A52D26600FFBBEA /* CollectionViewController.swift in Sources */,
				96C6BB3F1A5F7C6500CB9090 /* Artwork.swift in Sources */,
				96F73FE31A4C48D600025807 /* AddArtworkViewController.swift in Sources */,
				96F73FC31A4C2BEA00025807 /* AppDelegate.swift in Sources */,
				96F740171A50F33D00025807 /* artchive.xcdatamodeld in Sources */,
				963086E71A52CFD700FFBBEA /* ArtworkCollectionViewCell.swift in Sources */,
				96C6BB411A5FB2BE00CB9090 /* CHTCollectionViewWaterfallLayout.swift in Sources */,
				96C6BB431A61082600CB9090 /* DetailViewController.swift in Sources */,
			);
			runOnlyForDeploymentPostprocessing = 0;
		};
		96F73FCE1A4C2BEB00025807 /* Sources */ = {
			isa = PBXSourcesBuildPhase;
			buildActionMask = 2147483647;
			files = (
				96F73FD91A4C2BEB00025807 /* artchiveTests.swift in Sources */,
			);
			runOnlyForDeploymentPostprocessing = 0;
		};
/* End PBXSourcesBuildPhase section */

/* Begin PBXTargetDependency section */
		96F73FD41A4C2BEB00025807 /* PBXTargetDependency */ = {
			isa = PBXTargetDependency;
			target = 96F73FBC1A4C2BEA00025807 /* artchive */;
			targetProxy = 96F73FD31A4C2BEB00025807 /* PBXContainerItemProxy */;
		};
/* End PBXTargetDependency section */

/* Begin PBXVariantGroup section */
		96F73FC61A4C2BEA00025807 /* Main.storyboard */ = {
			isa = PBXVariantGroup;
			children = (
				96F73FC71A4C2BEA00025807 /* Base */,
			);
			name = Main.storyboard;
			sourceTree = "<group>";
		};
		96F73FCB1A4C2BEA00025807 /* LaunchScreen.xib */ = {
			isa = PBXVariantGroup;
			children = (
				96F73FCC1A4C2BEA00025807 /* Base */,
			);
			name = LaunchScreen.xib;
			sourceTree = "<group>";
		};
/* End PBXVariantGroup section */

/* Begin XCBuildConfiguration section */
		96F73FDA1A4C2BEB00025807 /* Debug */ = {
			isa = XCBuildConfiguration;
			buildSettings = {
				ALWAYS_SEARCH_USER_PATHS = NO;
				CLANG_CXX_LANGUAGE_STANDARD = "gnu++0x";
				CLANG_CXX_LIBRARY = "libc++";
				CLANG_ENABLE_MODULES = YES;
				CLANG_ENABLE_OBJC_ARC = YES;
				CLANG_WARN_BOOL_CONVERSION = YES;
				CLANG_WARN_CONSTANT_CONVERSION = YES;
				CLANG_WARN_DIRECT_OBJC_ISA_USAGE = YES_ERROR;
				CLANG_WARN_EMPTY_BODY = YES;
				CLANG_WARN_ENUM_CONVERSION = YES;
				CLANG_WARN_INT_CONVERSION = YES;
				CLANG_WARN_OBJC_ROOT_CLASS = YES_ERROR;
				CLANG_WARN_UNREACHABLE_CODE = YES;
				CLANG_WARN__DUPLICATE_METHOD_MATCH = YES;
				"CODE_SIGN_IDENTITY[sdk=iphoneos*]" = "iPhone Developer";
				COPY_PHASE_STRIP = NO;
				ENABLE_STRICT_OBJC_MSGSEND = YES;
				GCC_C_LANGUAGE_STANDARD = gnu99;
				GCC_DYNAMIC_NO_PIC = NO;
				GCC_OPTIMIZATION_LEVEL = 0;
				GCC_PREPROCESSOR_DEFINITIONS = (
					"DEBUG=1",
					"$(inherited)",
				);
				GCC_SYMBOLS_PRIVATE_EXTERN = NO;
				GCC_WARN_64_TO_32_BIT_CONVERSION = YES;
				GCC_WARN_ABOUT_RETURN_TYPE = YES_ERROR;
				GCC_WARN_UNDECLARED_SELECTOR = YES;
				GCC_WARN_UNINITIALIZED_AUTOS = YES_AGGRESSIVE;
				GCC_WARN_UNUSED_FUNCTION = YES;
				GCC_WARN_UNUSED_VARIABLE = YES;
				IPHONEOS_DEPLOYMENT_TARGET = 8.1;
				MTL_ENABLE_DEBUG_INFO = YES;
				ONLY_ACTIVE_ARCH = YES;
				SDKROOT = iphoneos;
				SWIFT_OPTIMIZATION_LEVEL = "-Onone";
			};
			name = Debug;
		};
		96F73FDB1A4C2BEB00025807 /* Release */ = {
			isa = XCBuildConfiguration;
			buildSettings = {
				ALWAYS_SEARCH_USER_PATHS = NO;
				CLANG_CXX_LANGUAGE_STANDARD = "gnu++0x";
				CLANG_CXX_LIBRARY = "libc++";
				CLANG_ENABLE_MODULES = YES;
				CLANG_ENABLE_OBJC_ARC = YES;
				CLANG_WARN_BOOL_CONVERSION = YES;
				CLANG_WARN_CONSTANT_CONVERSION = YES;
				CLANG_WARN_DIRECT_OBJC_ISA_USAGE = YES_ERROR;
				CLANG_WARN_EMPTY_BODY = YES;
				CLANG_WARN_ENUM_CONVERSION = YES;
				CLANG_WARN_INT_CONVERSION = YES;
				CLANG_WARN_OBJC_ROOT_CLASS = YES_ERROR;
				CLANG_WARN_UNREACHABLE_CODE = YES;
				CLANG_WARN__DUPLICATE_METHOD_MATCH = YES;
				"CODE_SIGN_IDENTITY[sdk=iphoneos*]" = "iPhone Developer";
				COPY_PHASE_STRIP = YES;
				ENABLE_NS_ASSERTIONS = NO;
				ENABLE_STRICT_OBJC_MSGSEND = YES;
				GCC_C_LANGUAGE_STANDARD = gnu99;
				GCC_WARN_64_TO_32_BIT_CONVERSION = YES;
				GCC_WARN_ABOUT_RETURN_TYPE = YES_ERROR;
				GCC_WARN_UNDECLARED_SELECTOR = YES;
				GCC_WARN_UNINITIALIZED_AUTOS = YES_AGGRESSIVE;
				GCC_WARN_UNUSED_FUNCTION = YES;
				GCC_WARN_UNUSED_VARIABLE = YES;
				IPHONEOS_DEPLOYMENT_TARGET = 8.1;
				MTL_ENABLE_DEBUG_INFO = NO;
				SDKROOT = iphoneos;
				VALIDATE_PRODUCT = YES;
			};
			name = Release;
		};
		96F73FDD1A4C2BEB00025807 /* Debug */ = {
			isa = XCBuildConfiguration;
			buildSettings = {
				ASSETCATALOG_COMPILER_APPICON_NAME = AppIcon;
				CODE_SIGN_IDENTITY = "iPhone Developer";
				INFOPLIST_FILE = artchive/Info.plist;
				LD_RUNPATH_SEARCH_PATHS = "$(inherited) @executable_path/Frameworks";
				PRODUCT_NAME = "$(TARGET_NAME)";
				TARGETED_DEVICE_FAMILY = "1,2";
			};
			name = Debug;
		};
		96F73FDE1A4C2BEB00025807 /* Release */ = {
			isa = XCBuildConfiguration;
			buildSettings = {
				ASSETCATALOG_COMPILER_APPICON_NAME = AppIcon;
				CODE_SIGN_IDENTITY = "iPhone Developer";
				INFOPLIST_FILE = artchive/Info.plist;
				LD_RUNPATH_SEARCH_PATHS = "$(inherited) @executable_path/Frameworks";
				PRODUCT_NAME = "$(TARGET_NAME)";
				TARGETED_DEVICE_FAMILY = "1,2";
			};
			name = Release;
		};
		96F73FE01A4C2BEB00025807 /* Debug */ = {
			isa = XCBuildConfiguration;
			buildSettings = {
				BUNDLE_LOADER = "$(TEST_HOST)";
				FRAMEWORK_SEARCH_PATHS = (
					"$(SDKROOT)/Developer/Library/Frameworks",
					"$(inherited)",
				);
				GCC_PREPROCESSOR_DEFINITIONS = (
					"DEBUG=1",
					"$(inherited)",
				);
				INFOPLIST_FILE = artchiveTests/Info.plist;
				LD_RUNPATH_SEARCH_PATHS = "$(inherited) @executable_path/Frameworks @loader_path/Frameworks";
				PRODUCT_NAME = "$(TARGET_NAME)";
				TEST_HOST = "$(BUILT_PRODUCTS_DIR)/artchive.app/artchive";
			};
			name = Debug;
		};
		96F73FE11A4C2BEB00025807 /* Release */ = {
			isa = XCBuildConfiguration;
			buildSettings = {
				BUNDLE_LOADER = "$(TEST_HOST)";
				FRAMEWORK_SEARCH_PATHS = (
					"$(SDKROOT)/Developer/Library/Frameworks",
					"$(inherited)",
				);
				INFOPLIST_FILE = artchiveTests/Info.plist;
				LD_RUNPATH_SEARCH_PATHS = "$(inherited) @executable_path/Frameworks @loader_path/Frameworks";
				PRODUCT_NAME = "$(TARGET_NAME)";
				TEST_HOST = "$(BUILT_PRODUCTS_DIR)/artchive.app/artchive";
			};
			name = Release;
		};
/* End XCBuildConfiguration section */

/* Begin XCConfigurationList section */
		96F73FB81A4C2BEA00025807 /* Build configuration list for PBXProject "artchive" */ = {
			isa = XCConfigurationList;
			buildConfigurations = (
				96F73FDA1A4C2BEB00025807 /* Debug */,
				96F73FDB1A4C2BEB00025807 /* Release */,
			);
			defaultConfigurationIsVisible = 0;
			defaultConfigurationName = Release;
		};
		96F73FDC1A4C2BEB00025807 /* Build configuration list for PBXNativeTarget "artchive" */ = {
			isa = XCConfigurationList;
			buildConfigurations = (
				96F73FDD1A4C2BEB00025807 /* Debug */,
				96F73FDE1A4C2BEB00025807 /* Release */,
			);
			defaultConfigurationIsVisible = 0;
			defaultConfigurationName = Release;
		};
		96F73FDF1A4C2BEB00025807 /* Build configuration list for PBXNativeTarget "artchiveTests" */ = {
			isa = XCConfigurationList;
			buildConfigurations = (
				96F73FE01A4C2BEB00025807 /* Debug */,
				96F73FE11A4C2BEB00025807 /* Release */,
			);
			defaultConfigurationIsVisible = 0;
			defaultConfigurationName = Release;
		};
/* End XCConfigurationList section */

/* Begin XCVersionGroup section */
		96F740151A50F33D00025807 /* artchive.xcdatamodeld */ = {
			isa = XCVersionGroup;
			children = (
				96F740161A50F33D00025807 /* artchive.xcdatamodel */,
			);
			currentVersion = 96F740161A50F33D00025807 /* artchive.xcdatamodel */;
			path = artchive.xcdatamodeld;
			sourceTree = "<group>";
			versionGroupType = wrapper.xcdatamodel;
		};
/* End XCVersionGroup section */
	};
	rootObject = 96F73FB51A4C2BEA00025807 /* Project object */;
}
